{
  "name": "@toio/scanner",
  "version": "1.0.0",
  "lockfileVersion": 1,
  "requires": true,
  "dependencies": {
    "@types/ws": {
      "version": "7.4.7",
      "resolved": "https://registry.npmjs.org/@types/ws/-/ws-7.4.7.tgz",
      "integrity": "sha512-JQbbmxZTZehdc2iszGKs5oC3NFnjeay7mtAWrdt7qNtAVK0g19muApzAy4bm9byz79xa2ZnO/BOBC2R8RC5Lww==",
      "dev": true,
      "requires": {
        "@types/node": "*"
      },
      "dependencies": {
        "@types/node": {
          "version": "16.9.4",
          "resolved": "https://registry.npmjs.org/@types/node/-/node-16.9.4.tgz",
          "integrity": "sha512-KDazLNYAGIuJugdbULwFZULF9qQ13yNWEBFnfVpqlpgAAo6H/qnM9RjBgh0A0kmHf3XxAKLdN5mTIng9iUvVLA==",
          "dev": true
        }
      }
    }
  }
}
